
Microsoft Visual Studio Solution File, Format Version 12.00
# Visual Studio 15
VisualStudioVersion = 15.0.28010.2016
MinimumVisualStudioVersion = 10.0.40219.1
Project("{FAE04EC0-301F-11D3-BF4B-00C04F79EFBC}") = "WpfColorPicker", "WpfColorPicker\WpfColorPicker.csproj", "{5D100AD6-8518-4F06-A485-3576290FBD20}"
EndProject
Project("{FAE04EC0-301F-11D3-BF4B-00C04F79EFBC}") = "FluentWPF", "..\..\..\source\repos\FluentWPF\FluentWPF\FluentWPF.csproj", "{061B1DD9-815B-437F-8CD6-D20923BC0AF4}"
EndProject
Project("{FAE04EC0-301F-11D3-BF4B-00C04F79EFBC}") = "FluentWPFSample", "..\..\..\source\repos\FluentWPF\Sample\FluentWPFSample\FluentWPFSample.csproj", "{CCAC5625-C8EE-49C5-8407-ACC8289CCC81}"
EndProject
Project("{FAE04EC0-301F-11D3-BF4B-00C04F79EFBC}") = "CycWpfLibrary", "..\CycWpfLibrary\CycWpfLibrary\CycWpfLibrary.csproj", "{DC9B1571-60B9-48D4-A147-24820D8E895B}"
EndProject
Global
	GlobalSection(SolutionConfigurationPlatforms) = preSolution
		Debug|Any CPU = Debug|Any CPU
		Release|Any CPU = Release|Any CPU
	EndGlobalSection
	GlobalSection(ProjectConfigurationPlatforms) = postSolution
		{5D100AD6-8518-4F06-A485-3576290FBD20}.Debug|Any CPU.ActiveCfg = Debug|Any CPU
		{5D100AD6-8518-4F06-A485-3576290FBD20}.Debug|Any CPU.Build.0 = Debug|Any CPU
		{5D100AD6-8518-4F06-A485-3576290FBD20}.Release|Any CPU.ActiveCfg = Release|Any CPU
		{5D100AD6-8518-4F06-A485-3576290FBD20}.Release|Any CPU.Build.0 = Release|Any CPU
		{061B1DD9-815B-437F-8CD6-D20923BC0AF4}.Debug|Any CPU.ActiveCfg = Debug|Any CPU
		{061B1DD9-815B-437F-8CD6-D20923BC0AF4}.Debug|Any CPU.Build.0 = Debug|Any CPU
		{061B1DD9-815B-437F-8CD6-D20923BC0AF4}.Release|Any CPU.ActiveCfg = Release|Any CPU
		{061B1DD9-815B-437F-8CD6-D20923BC0AF4}.Release|Any CPU.Build.0 = Release|Any CPU
		{CCAC5625-C8EE-49C5-8407-ACC8289CCC81}.Debug|Any CPU.ActiveCfg = Debug|Any CPU
		{CCAC5625-C8EE-49C5-8407-ACC8289CCC81}.Debug|Any CPU.Build.0 = Debug|Any CPU
		{CCAC5625-C8EE-49C5-8407-ACC8289CCC81}.Release|Any CPU.ActiveCfg = Release|Any CPU
		{CCAC5625-C8EE-49C5-8407-ACC8289CCC81}.Release|Any CPU.Build.0 = Release|Any CPU
		{DC9B1571-60B9-48D4-A147-24820D8E895B}.Debug|Any CPU.ActiveCfg = Debug|Any CPU
		{DC9B1571-60B9-48D4-A147-24820D8E895B}.Debug|Any CPU.Build.0 = Debug|Any CPU
		{DC9B1571-60B9-48D4-A147-24820D8E895B}.Release|Any CPU.ActiveCfg = Release|Any CPU
		{DC9B1571-60B9-48D4-A147-24820D8E895B}.Release|Any CPU.Build.0 = Release|Any CPU
	EndGlobalSection
	GlobalSection(SolutionProperties) = preSolution
		HideSolutionNode = FALSE
	EndGlobalSection
	GlobalSection(ExtensibilityGlobals) = postSolution
		SolutionGuid = {9BB922B9-8B02-4F0B-9CF5-4ECB5C46CC0F}
	EndGlobalSection
EndGlobal
